
Microsoft Visual Studio Solution File, Format Version 12.00
# Visual Studio Version 16
VisualStudioVersion = 16.0.31313.79
MinimumVisualStudioVersion = 10.0.40219.1
Project("{FAE04EC0-301F-11D3-BF4B-00C04F79EFBC}") = "Authorization and Authentication", "Authorization and Authentication\Authorization and Authentication.csproj", "{5D8269EC-6E97-4A32-93FA-23BB6E1914E8}"
EndProject
Global
	GlobalSection(SolutionConfigurationPlatforms) = preSolution
		Debug|Any CPU = Debug|Any CPU
		Release|Any CPU = Release|Any CPU
	EndGlobalSection
	GlobalSection(ProjectConfigurationPlatforms) = postSolution
		{5D8269EC-6E97-4A32-93FA-23BB6E1914E8}.Debug|Any CPU.ActiveCfg = Debug|Any CPU
		{5D8269EC-6E97-4A32-93FA-23BB6E1914E8}.Debug|Any CPU.Build.0 = Debug|Any CPU
		{5D8269EC-6E97-4A32-93FA-23BB6E1914E8}.Release|Any CPU.ActiveCfg = Release|Any CPU
		{5D8269EC-6E97-4A32-93FA-23BB6E1914E8}.Release|Any CPU.Build.0 = Release|Any CPU
	EndGlobalSection
	GlobalSection(SolutionProperties) = preSolution
		HideSolutionNode = FALSE
	EndGlobalSection
	GlobalSection(ExtensibilityGlobals) = postSolution
		SolutionGuid = {1B4073D5-C723-45A9-8260-312503DA2519}
	EndGlobalSection
EndGlobal
